
Microsoft Visual Studio Solution File, Format Version 12.00
# Visual Studio Version 16
VisualStudioVersion = 16.0.30011.22
MinimumVisualStudioVersion = 10.0.40219.1
Project("{2150E333-8FDC-42A3-9474-1A3956D46DE8}") = "Source", "Source", "{DE6ABCD2-D177-4641-AA86-1FEEC19FCA34}"
EndProject
Project("{2150E333-8FDC-42A3-9474-1A3956D46DE8}") = "Deploy", "Deploy", "{A3FA5ED2-AD7E-4C3A-91B1-A8088B45BCCB}"
EndProject
Project("{2150E333-8FDC-42A3-9474-1A3956D46DE8}") = "Logo", "Logo", "{55B66B7C-1F27-4F07-A059-D3E3A0C16B69}"
	ProjectSection(SolutionItems) = preProject
		Deploy\Logo\logo-big.png = Deploy\Logo\logo-big.png
		Deploy\Logo\logo-small.png = Deploy\Logo\logo-small.png
		Deploy\Logo\Logo.pptx = Deploy\Logo\Logo.pptx
	EndProjectSection
EndProject
Project("{2150E333-8FDC-42A3-9474-1A3956D46DE8}") = "Nuget", "Nuget", "{35531966-37BB-4FDF-B983-476E486BB5BB}"
	ProjectSection(SolutionItems) = preProject
		Deploy\Nuget\Push.cmd = Deploy\Nuget\Push.cmd
	EndProjectSection
EndProject
Project("{2150E333-8FDC-42A3-9474-1A3956D46DE8}") = "Tests", "Tests", "{8D4310E7-3FD1-46CC-9FDA-B247C015FA87}"
EndProject
Project("{2150E333-8FDC-42A3-9474-1A3956D46DE8}") = "Solution Items", "Solution Items", "{53B047E7-6EE5-41C5-A9C0-759030B5E946}"
	ProjectSection(SolutionItems) = preProject
		LICENSE.md = LICENSE.md
		README.md = README.md
	EndProjectSection
EndProject
Project("{2150E333-8FDC-42A3-9474-1A3956D46DE8}") = "SSL-scripts", "SSL-scripts", "{76A68E1F-104F-480C-833D-DE2BFD7F76A0}"
	ProjectSection(SolutionItems) = preProject
		Source\SSL-scripts\GenerateTestCertificate.ps1 = Source\SSL-scripts\GenerateTestCertificate.ps1
		Source\SSL-scripts\README.md = Source\SSL-scripts\README.md
		Source\SSL-scripts\SetSsl.ps1 = Source\SSL-scripts\SetSsl.ps1
	EndProjectSection
EndProject
Project("{FAE04EC0-301F-11D3-BF4B-00C04F79EFBC}") = "SimpleHTTP", "Source\SimpleHTTP\SimpleHTTP.csproj", "{DA75EE3F-1EDB-455C-BB4E-3531F4897350}"
EndProject
Global
	GlobalSection(SolutionConfigurationPlatforms) = preSolution
		Debug|Any CPU = Debug|Any CPU
		Release|Any CPU = Release|Any CPU
	EndGlobalSection
	GlobalSection(ProjectConfigurationPlatforms) = postSolution
		{DA75EE3F-1EDB-455C-BB4E-3531F4897350}.Debug|Any CPU.ActiveCfg = Debug|Any CPU
		{DA75EE3F-1EDB-455C-BB4E-3531F4897350}.Debug|Any CPU.Build.0 = Debug|Any CPU
		{DA75EE3F-1EDB-455C-BB4E-3531F4897350}.Release|Any CPU.ActiveCfg = Release|Any CPU
		{DA75EE3F-1EDB-455C-BB4E-3531F4897350}.Release|Any CPU.Build.0 = Release|Any CPU
	EndGlobalSection
	GlobalSection(SolutionProperties) = preSolution
		HideSolutionNode = FALSE
	EndGlobalSection
	GlobalSection(NestedProjects) = preSolution
		{55B66B7C-1F27-4F07-A059-D3E3A0C16B69} = {A3FA5ED2-AD7E-4C3A-91B1-A8088B45BCCB}
		{35531966-37BB-4FDF-B983-476E486BB5BB} = {A3FA5ED2-AD7E-4C3A-91B1-A8088B45BCCB}
		{76A68E1F-104F-480C-833D-DE2BFD7F76A0} = {DE6ABCD2-D177-4641-AA86-1FEEC19FCA34}
		{DA75EE3F-1EDB-455C-BB4E-3531F4897350} = {DE6ABCD2-D177-4641-AA86-1FEEC19FCA34}
	EndGlobalSection
	GlobalSection(ExtensibilityGlobals) = postSolution
		SolutionGuid = {0D32C7C1-CD2A-4502-BBAD-2A9C8749C57F}
	EndGlobalSection
EndGlobal
